{
  "version": 4,
  "terraform_version": "1.4.2",
  "serial": 1,
  "lineage": "5dc32103-cb4e-d059-2283-4180e1f3f467",
  "outputs": {},
  "resources": [
    {
      "mode": "managed",
      "type": "local_file",
      "name": "file_block",
      "provider": "provider[\"registry.terraform.io/hashicorp/local\"]",
      "instances": [
        {
          "schema_version": 0,
          "attributes": {
            "content": "\u003cp\u003eHello world\u003cp\u003e",
            "content_base64": null,
            "content_base64sha256": "LD960a5vXCZSA8dv177IHtmzl9l/Lk76WyR6qn6J/yU=",
            "content_base64sha512": "5lUy6RsMWN/swo4htmaXgeNyEA69HjU835LXcBf4AH6iwkukGWm/NKB+qq6wj+uDpEIJHFzjsXMWp9mixyCY/Q==",
            "content_md5": "ae18ee02842ebe7858f56b3782338c33",
            "content_sha1": "adea0458f4a7689a6889e4eea2083f7fe4ed503e",
            "content_sha256": "2c3f7ad1ae6f5c265203c76fd7bec81ed9b397d97f2e4efa5b247aaa7e89ff25",
            "content_sha512": "e65532e91b0c58dfecc28e21b6669781e372100ebd1e353cdf92d77017f8007ea2c24ba41969bf34a07eaaaeb08feb83a442091c5ce3b17316a7d9a2c72098fd",
            "directory_permission": "0777",
            "file_permission": "0777",
            "filename": "hello.py",
            "id": "adea0458f4a7689a6889e4eea2083f7fe4ed503e",
            "sensitive_content": null,
            "source": null
          },
          "sensitive_attributes": []
        }
      ]
    }
  ],
  "check_results": null
}
